<?xml version="1.0" encoding="utf-8"?>
<Project ToolsVersion="4.0" xmlns="http://schemas.microsoft.com/developer/msbuild/2003">
  <ItemGroup>
    <Filter Include="Resource Files">
      <UniqueIdentifier>{67DA6AB6-F800-4c08-8B7A-83BB121AAD01}</UniqueIdentifier>
      <Extensions>rc;ico;cur;bmp;dlg;rc2;rct;bin;rgs;gif;jpg;jpeg;jpe;resx;tiff;tif;png;wav;mfcribbon-ms</Extensions>
    </Filter>
    <Filter Include="Menu">
      <UniqueIdentifier>{44f105e5-e35b-4ea9-b1bb-6a1aa3d5f076}</UniqueIdentifier>
    </Filter>
    <Filter Include="Menu\Header">
      <UniqueIdentifier>{3121a377-32b7-43ad-a7ce-2e31811b90fe}</UniqueIdentifier>
    </Filter>
    <Filter Include="Menu\Source">
      <UniqueIdentifier>{3f6888b3-c672-4c8f-8f91-9cba794397d0}</UniqueIdentifier>
    </Filter>
    <Filter Include="Game">
      <UniqueIdentifier>{91cbbfca-7467-445d-88e2-752199cacdfc}</UniqueIdentifier>
    </Filter>
    <Filter Include="Game\Header">
      <UniqueIdentifier>{4c155ef2-f27a-4cc3-8ae5-cae82c812f65}</UniqueIdentifier>
    </Filter>
    <Filter Include="Game\Source">
      <UniqueIdentifier>{aca01db5-f822-461d-8a1d-8bb3e5f8a66c}</UniqueIdentifier>
    </Filter>
    <Filter Include="Framework">
      <UniqueIdentifier>{9bfb34dc-08fd-4192-a147-be99d8a13e66}</UniqueIdentifier>
    </Filter>
    <Filter Include="Framework\Header">
      <UniqueIdentifier>{93995380-89BD-4b04-88EB-625FBE52EBFB}</UniqueIdentifier>
      <Extensions>h;hh;hpp;hxx;h++;hm;inl;inc;ipp;xsd</Extensions>
    </Filter>
    <Filter Include="Framework\Source">
      <UniqueIdentifier>{4FC737F1-C7A5-4376-A066-2A32D752A2FF}</UniqueIdentifier>
      <Extensions>cpp;c;cc;cxx;c++;cppm;ixx;def;odl;idl;hpj;bat;asm;asmx</Extensions>
    </Filter>
  </ItemGroup>
  <ItemGroup>
    <ClCompile Include="Main.cpp">
      <Filter>Framework\Source</Filter>
    </ClCompile>
    <ClCompile Include="Graphics.cpp">
      <Filter>Framework\Source</Filter>
    </ClCompile>
    <ClCompile Include="Game.cpp">
      <Filter>Framework\Source</Filter>
    </ClCompile>
    <ClCompile Include="Input.cpp">
      <Filter>Framework\Source</Filter>
    </ClCompile>
    <ClCompile Include="Button.cpp">
      <Filter>Game\Source</Filter>
    </ClCompile>
    <ClCompile Include="Counter.cpp">
      <Filter>Game\Source</Filter>
    </ClCompile>
    <ClCompile Include="Pattern.cpp">
      <Filter>Game\Source</Filter>
    </ClCompile>
    <ClCompile Include="Piece.cpp">
      <Filter>Game\Source</Filter>
    </ClCompile>
    <ClCompile Include="Player.cpp">
      <Filter>Game\Source</Filter>
    </ClCompile>
    <ClCompile Include="Pool.cpp">
      <Filter>Game\Source</Filter>
    </ClCompile>
    <ClCompile Include="Slider.cpp">
      <Filter>Game\Source</Filter>
    </ClCompile>
    <ClCompile Include="Grid.cpp">
      <Filter>Game\Source</Filter>
    </ClCompile>
    <ClCompile Include="Menu.cpp">
      <Filter>Menu\Source</Filter>
    </ClCompile>
    <ClCompile Include="MenuItem.cpp">
      <Filter>Menu\Source</Filter>
    </ClCompile>
    <ClCompile Include="MenuPortal.cpp">
      <Filter>Menu\Source</Filter>
    </ClCompile>
    <ClCompile Include="MenuToggle.cpp">
      <Filter>Menu\Source</Filter>
    </ClCompile>
    <ClCompile Include="MenuValue.cpp">
      <Filter>Menu\Source</Filter>
    </ClCompile>
    <ClCompile Include="Audio.cpp">
      <Filter>Framework\Source</Filter>
    </ClCompile>
  </ItemGroup>
  <ItemGroup>
    <ClInclude Include="Graphics.h">
      <Filter>Framework\Header</Filter>
    </ClInclude>
    <ClInclude Include="Game.h">
      <Filter>Framework\Header</Filter>
    </ClInclude>
    <ClInclude Include="Input.h">
      <Filter>Framework\Header</Filter>
    </ClInclude>
    <ClInclude Include="Button.h">
      <Filter>Game\Header</Filter>
    </ClInclude>
    <ClInclude Include="Coord.h">
      <Filter>Game\Header</Filter>
    </ClInclude>
    <ClInclude Include="Counter.h">
      <Filter>Game\Header</Filter>
    </ClInclude>
    <ClInclude Include="Grid.h">
      <Filter>Game\Header</Filter>
    </ClInclude>
    <ClInclude Include="Pattern.h">
      <Filter>Game\Header</Filter>
    </ClInclude>
    <ClInclude Include="Piece.h">
      <Filter>Game\Header</Filter>
    </ClInclude>
    <ClInclude Include="Player.h">
      <Filter>Game\Header</Filter>
    </ClInclude>
    <ClInclude Include="Pool.h">
      <Filter>Game\Header</Filter>
    </ClInclude>
    <ClInclude Include="Slider.h">
      <Filter>Game\Header</Filter>
    </ClInclude>
    <ClInclude Include="Square.h">
      <Filter>Game\Header</Filter>
    </ClInclude>
    <ClInclude Include="Menu.h">
      <Filter>Menu\Header</Filter>
    </ClInclude>
    <ClInclude Include="MenuItem.h">
      <Filter>Menu\Header</Filter>
    </ClInclude>
    <ClInclude Include="MenuPortal.h">
      <Filter>Menu\Header</Filter>
    </ClInclude>
    <ClInclude Include="MenuToggle.h">
      <Filter>Menu\Header</Filter>
    </ClInclude>
    <ClInclude Include="MenuValue.h">
      <Filter>Menu\Header</Filter>
    </ClInclude>
    <ClInclude Include="Audio.h">
      <Filter>Framework\Header</Filter>
    </ClInclude>
  </ItemGroup>
</Project>